
Microsoft Visual Studio Solution File, Format Version 12.00
# Visual Studio 2012
Project("{FAE04EC0-301F-11D3-BF4B-00C04F79EFBC}") = "FragSharp", "FragSharp\FragSharp.csproj", "{5BFFF263-E2EC-4EA2-9237-F68DC9FDBB9B}"
EndProject
Project("{FAE04EC0-301F-11D3-BF4B-00C04F79EFBC}") = "FragSharpFramework", "FragSharpFramework\FragSharpFramework.csproj", "{0DD9A20D-2BCA-4285-8AB7-6C234A8DD35A}"
EndProject
Project("{2150E333-8FDC-42A3-9474-1A3956D46DE8}") = "Solution Items", "Solution Items", "{470B424B-D62A-4568-A5C3-28C33F38854D}"
	ProjectSection(SolutionItems) = preProject
		Performance1.psess = Performance1.psess
	EndProjectSection
EndProject
Project("{FAE04EC0-301F-11D3-BF4B-00C04F79EFBC}") = "Life Example", "Examples\Life\Life Example.csproj", "{711F2A20-F9EE-463A-936E-6B683079B831}"
EndProject
Global
	GlobalSection(SolutionConfigurationPlatforms) = preSolution
		Debug|Any CPU = Debug|Any CPU
		Debug|Mixed Platforms = Debug|Mixed Platforms
		Debug|x86 = Debug|x86
		Release|Any CPU = Release|Any CPU
		Release|Mixed Platforms = Release|Mixed Platforms
		Release|x86 = Release|x86
	EndGlobalSection
	GlobalSection(ProjectConfigurationPlatforms) = postSolution
		{5BFFF263-E2EC-4EA2-9237-F68DC9FDBB9B}.Debug|Any CPU.ActiveCfg = Debug|Any CPU
		{5BFFF263-E2EC-4EA2-9237-F68DC9FDBB9B}.Debug|Any CPU.Build.0 = Debug|Any CPU
		{5BFFF263-E2EC-4EA2-9237-F68DC9FDBB9B}.Debug|Mixed Platforms.ActiveCfg = Debug|Any CPU
		{5BFFF263-E2EC-4EA2-9237-F68DC9FDBB9B}.Debug|Mixed Platforms.Build.0 = Debug|Any CPU
		{5BFFF263-E2EC-4EA2-9237-F68DC9FDBB9B}.Debug|x86.ActiveCfg = Debug|x86
		{5BFFF263-E2EC-4EA2-9237-F68DC9FDBB9B}.Debug|x86.Build.0 = Debug|x86
		{5BFFF263-E2EC-4EA2-9237-F68DC9FDBB9B}.Release|Any CPU.ActiveCfg = Release|Any CPU
		{5BFFF263-E2EC-4EA2-9237-F68DC9FDBB9B}.Release|Any CPU.Build.0 = Release|Any CPU
		{5BFFF263-E2EC-4EA2-9237-F68DC9FDBB9B}.Release|Mixed Platforms.ActiveCfg = Release|Any CPU
		{5BFFF263-E2EC-4EA2-9237-F68DC9FDBB9B}.Release|Mixed Platforms.Build.0 = Release|Any CPU
		{5BFFF263-E2EC-4EA2-9237-F68DC9FDBB9B}.Release|x86.ActiveCfg = Release|x86
		{5BFFF263-E2EC-4EA2-9237-F68DC9FDBB9B}.Release|x86.Build.0 = Release|x86
		{0DD9A20D-2BCA-4285-8AB7-6C234A8DD35A}.Debug|Any CPU.ActiveCfg = Debug|x86
		{0DD9A20D-2BCA-4285-8AB7-6C234A8DD35A}.Debug|Mixed Platforms.ActiveCfg = Debug|x86
		{0DD9A20D-2BCA-4285-8AB7-6C234A8DD35A}.Debug|Mixed Platforms.Build.0 = Debug|x86
		{0DD9A20D-2BCA-4285-8AB7-6C234A8DD35A}.Debug|x86.ActiveCfg = Debug|x86
		{0DD9A20D-2BCA-4285-8AB7-6C234A8DD35A}.Debug|x86.Build.0 = Debug|x86
		{0DD9A20D-2BCA-4285-8AB7-6C234A8DD35A}.Release|Any CPU.ActiveCfg = Release|x86
		{0DD9A20D-2BCA-4285-8AB7-6C234A8DD35A}.Release|Mixed Platforms.ActiveCfg = Release|x86
		{0DD9A20D-2BCA-4285-8AB7-6C234A8DD35A}.Release|Mixed Platforms.Build.0 = Release|x86
		{0DD9A20D-2BCA-4285-8AB7-6C234A8DD35A}.Release|x86.ActiveCfg = Release|x86
		{0DD9A20D-2BCA-4285-8AB7-6C234A8DD35A}.Release|x86.Build.0 = Release|x86
		{711F2A20-F9EE-463A-936E-6B683079B831}.Debug|Any CPU.ActiveCfg = Debug|x86
		{711F2A20-F9EE-463A-936E-6B683079B831}.Debug|Mixed Platforms.ActiveCfg = Debug|x86
		{711F2A20-F9EE-463A-936E-6B683079B831}.Debug|Mixed Platforms.Build.0 = Debug|x86
		{711F2A20-F9EE-463A-936E-6B683079B831}.Debug|x86.ActiveCfg = Debug|x86
		{711F2A20-F9EE-463A-936E-6B683079B831}.Debug|x86.Build.0 = Debug|x86
		{711F2A20-F9EE-463A-936E-6B683079B831}.Release|Any CPU.ActiveCfg = Release|x86
		{711F2A20-F9EE-463A-936E-6B683079B831}.Release|Mixed Platforms.ActiveCfg = Release|x86
		{711F2A20-F9EE-463A-936E-6B683079B831}.Release|Mixed Platforms.Build.0 = Release|x86
		{711F2A20-F9EE-463A-936E-6B683079B831}.Release|x86.ActiveCfg = Release|x86
		{711F2A20-F9EE-463A-936E-6B683079B831}.Release|x86.Build.0 = Release|x86
	EndGlobalSection
	GlobalSection(SolutionProperties) = preSolution
		HideSolutionNode = FALSE
	EndGlobalSection
EndGlobal
